// !$*UTF8*$!
{
	archiveVersion = 1;
	classes = {
	};
	objectVersion = 46;
	objects = {

/* Begin PBXBuildFile section */
		6291BD3C60224EA52471F1D9 /* libPods.a in Frameworks */ = {isa = PBXBuildFile; fileRef = 1FFD8E07D0ED7F60C50E0690 /* libPods.a */; };
		6A769E5B1CACF82100674949 /* main.m in Sources */ = {isa = PBXBuildFile; fileRef = 6A769E5A1CACF82100674949 /* main.m */; };
		6A769E5E1CACF82200674949 /* AppDelegate.m in Sources */ = {isa = PBXBuildFile; fileRef = 6A769E5D1CACF82200674949 /* AppDelegate.m */; };
		6A769E611CACF82200674949 /* ViewController.m in Sources */ = {isa = PBXBuildFile; fileRef = 6A769E601CACF82200674949 /* ViewController.m */; };
		6A769E641CACF82200674949 /* Main.storyboard in Resources */ = {isa = PBXBuildFile; fileRef = 6A769E621CACF82200674949 /* Main.storyboard */; };
		6A769E661CACF82200674949 /* Assets.xcassets in Resources */ = {isa = PBXBuildFile; fileRef = 6A769E651CACF82200674949 /* Assets.xcassets */; };
		6A769E691CACF82200674949 /* LaunchScreen.storyboard in Resources */ = {isa = PBXBuildFile; fileRef = 6A769E671CACF82200674949 /* LaunchScreen.storyboard */; };
		6A769E721CAD137C00674949 /* iOSCounterViewController.m in Sources */ = {isa = PBXBuildFile; fileRef = 6A769E711CAD137C00674949 /* iOSCounterViewController.m */; };
		6A769E761CAD349E00674949 /* ViewController1.m in Sources */ = {isa = PBXBuildFile; fileRef = 6A769E741CAD349E00674949 /* ViewController1.m */; };
		6A769E771CAD349E00674949 /* ViewController1.xib in Resources */ = {isa = PBXBuildFile; fileRef = 6A769E751CAD349E00674949 /* ViewController1.xib */; };
		6A769E7A1CAE12B900674949 /* PlantBiography.m in Sources */ = {isa = PBXBuildFile; fileRef = 6A769E791CAE12B900674949 /* PlantBiography.m */; };
		6A769E7C1CAE160800674949 /* inst_pinganbank.png in Resources */ = {isa = PBXBuildFile; fileRef = 6A769E7B1CAE160800674949 /* inst_pinganbank.png */; };
/* End PBXBuildFile section */

/* Begin PBXFileReference section */
		1FFD8E07D0ED7F60C50E0690 /* libPods.a */ = {isa = PBXFileReference; explicitFileType = archive.ar; includeInIndex = 0; path = libPods.a; sourceTree = BUILT_PRODUCTS_DIR; };
		47123AB3980619252A1EF9D8 /* Pods.debug.xcconfig */ = {isa = PBXFileReference; includeInIndex = 1; lastKnownFileType = text.xcconfig; name = Pods.debug.xcconfig; path = "Pods/Target Support Files/Pods/Pods.debug.xcconfig"; sourceTree = "<group>"; };
		6A769E561CACF82100674949 /* MasonryDemo.app */ = {isa = PBXFileReference; explicitFileType = wrapper.application; includeInIndex = 0; path = MasonryDemo.app; sourceTree = BUILT_PRODUCTS_DIR; };
		6A769E5A1CACF82100674949 /* main.m */ = {isa = PBXFileReference; lastKnownFileType = sourcecode.c.objc; path = main.m; sourceTree = "<group>"; };
		6A769E5C1CACF82200674949 /* AppDelegate.h */ = {isa = PBXFileReference; lastKnownFileType = sourcecode.c.h; path = AppDelegate.h; sourceTree = "<group>"; };
		6A769E5D1CACF82200674949 /* AppDelegate.m */ = {isa = PBXFileReference; lastKnownFileType = sourcecode.c.objc; path = AppDelegate.m; sourceTree = "<group>"; };
		6A769E5F1CACF82200674949 /* ViewController.h */ = {isa = PBXFileReference; lastKnownFileType = sourcecode.c.h; path = ViewController.h; sourceTree = "<group>"; };
		6A769E601CACF82200674949 /* ViewController.m */ = {isa = PBXFileReference; lastKnownFileType = sourcecode.c.objc; path = ViewController.m; sourceTree = "<group>"; };
		6A769E631CACF82200674949 /* Base */ = {isa = PBXFileReference; lastKnownFileType = file.storyboard; name = Base; path = Base.lproj/Main.storyboard; sourceTree = "<group>"; };
		6A769E651CACF82200674949 /* Assets.xcassets */ = {isa = PBXFileReference; lastKnownFileType = folder.assetcatalog; path = Assets.xcassets; sourceTree = "<group>"; };
		6A769E681CACF82200674949 /* Base */ = {isa = PBXFileReference; lastKnownFileType = file.storyboard; name = Base; path = Base.lproj/LaunchScreen.storyboard; sourceTree = "<group>"; };
		6A769E6A1CACF82200674949 /* Info.plist */ = {isa = PBXFileReference; lastKnownFileType = text.plist.xml; path = Info.plist; sourceTree = "<group>"; };
		6A769E701CAD137C00674949 /* iOSCounterViewController.h */ = {isa = PBXFileReference; fileEncoding = 4; lastKnownFileType = sourcecode.c.h; path = iOSCounterViewController.h; sourceTree = "<group>"; };
		6A769E711CAD137C00674949 /* iOSCounterViewController.m */ = {isa = PBXFileReference; fileEncoding = 4; lastKnownFileType = sourcecode.c.objc; path = iOSCounterViewController.m; sourceTree = "<group>"; };
		6A769E731CAD349E00674949 /* ViewController1.h */ = {isa = PBXFileReference; fileEncoding = 4; lastKnownFileType = sourcecode.c.h; path = ViewController1.h; sourceTree = "<group>"; };
		6A769E741CAD349E00674949 /* ViewController1.m */ = {isa = PBXFileReference; fileEncoding = 4; lastKnownFileType = sourcecode.c.objc; path = ViewController1.m; sourceTree = "<group>"; };
		6A769E751CAD349E00674949 /* ViewController1.xib */ = {isa = PBXFileReference; fileEncoding = 4; lastKnownFileType = file.xib; path = ViewController1.xib; sourceTree = "<group>"; };
		6A769E781CAE12B900674949 /* PlantBiography.h */ = {isa = PBXFileReference; fileEncoding = 4; lastKnownFileType = sourcecode.c.h; path = PlantBiography.h; sourceTree = "<group>"; };
		6A769E791CAE12B900674949 /* PlantBiography.m */ = {isa = PBXFileReference; fileEncoding = 4; lastKnownFileType = sourcecode.c.objc; path = PlantBiography.m; sourceTree = "<group>"; };
		6A769E7B1CAE160800674949 /* inst_pinganbank.png */ = {isa = PBXFileReference; lastKnownFileType = image.png; path = inst_pinganbank.png; sourceTree = "<group>"; };
		DE9F843AD13C14D42CF2E7B4 /* Pods.release.xcconfig */ = {isa = PBXFileReference; includeInIndex = 1; lastKnownFileType = text.xcconfig; name = Pods.release.xcconfig; path = "Pods/Target Support Files/Pods/Pods.release.xcconfig"; sourceTree = "<group>"; };
/* End PBXFileReference section */

/* Begin PBXFrameworksBuildPhase section */
		6A769E531CACF82100674949 /* Frameworks */ = {
			isa = PBXFrameworksBuildPhase;
			buildActionMask = 2147483647;
			files = (
				6291BD3C60224EA52471F1D9 /* libPods.a in Frameworks */,
			);
			runOnlyForDeploymentPostprocessing = 0;
		};
/* End PBXFrameworksBuildPhase section */

/* Begin PBXGroup section */
		4C7B0DBB480B318678F9694D /* Pods */ = {
			isa = PBXGroup;
			children = (
				47123AB3980619252A1EF9D8 /* Pods.debug.xcconfig */,
				DE9F843AD13C14D42CF2E7B4 /* Pods.release.xcconfig */,
			);
			name = Pods;
			sourceTree = "<group>";
		};
		6A769E4D1CACF82100674949 = {
			isa = PBXGroup;
			children = (
				6A769E581CACF82100674949 /* MasonryDemo */,
				6A769E571CACF82100674949 /* Products */,
				4C7B0DBB480B318678F9694D /* Pods */,
				C6855F22480D4245EF5A31E7 /* Frameworks */,
			);
			sourceTree = "<group>";
		};
		6A769E571CACF82100674949 /* Products */ = {
			isa = PBXGroup;
			children = (
				6A769E561CACF82100674949 /* MasonryDemo.app */,
			);
			name = Products;
			sourceTree = "<group>";
		};
		6A769E581CACF82100674949 /* MasonryDemo */ = {
			isa = PBXGroup;
			children = (
				6A769E7B1CAE160800674949 /* inst_pinganbank.png */,
				6A769E5C1CACF82200674949 /* AppDelegate.h */,
				6A769E5D1CACF82200674949 /* AppDelegate.m */,
				6A769E5F1CACF82200674949 /* ViewController.h */,
				6A769E601CACF82200674949 /* ViewController.m */,
				6A769E621CACF82200674949 /* Main.storyboard */,
				6A769E651CACF82200674949 /* Assets.xcassets */,
				6A769E671CACF82200674949 /* LaunchScreen.storyboard */,
				6A769E6A1CACF82200674949 /* Info.plist */,
				6A769E591CACF82100674949 /* Supporting Files */,
				6A769E701CAD137C00674949 /* iOSCounterViewController.h */,
				6A769E711CAD137C00674949 /* iOSCounterViewController.m */,
				6A769E781CAE12B900674949 /* PlantBiography.h */,
				6A769E791CAE12B900674949 /* PlantBiography.m */,
			);
			path = MasonryDemo;
			sourceTree = "<group>";
		};
		6A769E591CACF82100674949 /* Supporting Files */ = {
			isa = PBXGroup;
			children = (
				6A769E5A1CACF82100674949 /* main.m */,
				6A769E731CAD349E00674949 /* ViewController1.h */,
				6A769E741CAD349E00674949 /* ViewController1.m */,
				6A769E751CAD349E00674949 /* ViewController1.xib */,
			);
			name = "Supporting Files";
			sourceTree = "<group>";
		};
		C6855F22480D4245EF5A31E7 /* Frameworks */ = {
			isa = PBXGroup;
			children = (
				1FFD8E07D0ED7F60C50E0690 /* libPods.a */,
			);
			name = Frameworks;
			sourceTree = "<group>";
		};
/* End PBXGroup section */

/* Begin PBXNativeTarget section */
		6A769E551CACF82100674949 /* MasonryDemo */ = {
			isa = PBXNativeTarget;
			buildConfigurationList = 6A769E6D1CACF82200674949 /* Build configuration list for PBXNativeTarget "MasonryDemo" */;
			buildPhases = (
				E94088EA5D8C506FC8D08541 /* Check Pods Manifest.lock */,
				6A769E521CACF82100674949 /* Sources */,
				6A769E531CACF82100674949 /* Frameworks */,
				6A769E541CACF82100674949 /* Resources */,
				233B0EB3583ACCD9198F5458 /* Embed Pods Frameworks */,
				9564D93B92599937ECD0A0F1 /* Copy Pods Resources */,
			);
			buildRules = (
			);
			dependencies = (
			);
			name = MasonryDemo;
			productName = MasonryDemo;
			productReference = 6A769E561CACF82100674949 /* MasonryDemo.app */;
			productType = "com.apple.product-type.application";
		};
/* End PBXNativeTarget section */

/* Begin PBXProject section */
		6A769E4E1CACF82100674949 /* Project object */ = {
			isa = PBXProject;
			attributes = {
				LastUpgradeCheck = 0730;
				ORGANIZATIONNAME = lnzsbks;
				TargetAttributes = {
					6A769E551CACF82100674949 = {
						CreatedOnToolsVersion = 7.3;
						DevelopmentTeam = V3SQ37KR96;
					};
				};
			};
			buildConfigurationList = 6A769E511CACF82100674949 /* Build configuration list for PBXProject "MasonryDemo" */;
			compatibilityVersion = "Xcode 3.2";
			developmentRegion = English;
			hasScannedForEncodings = 0;
			knownRegions = (
				en,
				Base,
			);
			mainGroup = 6A769E4D1CACF82100674949;
			productRefGroup = 6A769E571CACF82100674949 /* Products */;
			projectDirPath = "";
			projectRoot = "";
			targets = (
				6A769E551CACF82100674949 /* MasonryDemo */,
			);
		};
/* End PBXProject section */

/* Begin PBXResourcesBuildPhase section */
		6A769E541CACF82100674949 /* Resources */ = {
			isa = PBXResourcesBuildPhase;
			buildActionMask = 2147483647;
			files = (
				6A769E771CAD349E00674949 /* ViewController1.xib in Resources */,
				6A769E691CACF82200674949 /* LaunchScreen.storyboard in Resources */,
				6A769E7C1CAE160800674949 /* inst_pinganbank.png in Resources */,
				6A769E661CACF82200674949 /* Assets.xcassets in Resources */,
				6A769E641CACF82200674949 /* Main.storyboard in Resources */,
			);
			runOnlyForDeploymentPostprocessing = 0;
		};
/* End PBXResourcesBuildPhase section */

/* Begin PBXShellScriptBuildPhase section */
		233B0EB3583ACCD9198F5458 /* Embed Pods Frameworks */ = {
			isa = PBXShellScriptBuildPhase;
			buildActionMask = 2147483647;
			files = (
			);
			inputPaths = (
			);
			name = "Embed Pods Frameworks";
			outputPaths = (
			);
			runOnlyForDeploymentPostprocessing = 0;
			shellPath = /bin/sh;
			shellScript = "\"${SRCROOT}/Pods/Target Support Files/Pods/Pods-frameworks.sh\"\n";
			showEnvVarsInLog = 0;
		};
		9564D93B92599937ECD0A0F1 /* Copy Pods Resources */ = {
			isa = PBXShellScriptBuildPhase;
			buildActionMask = 2147483647;
			files = (
			);
			inputPaths = (
			);
			name = "Copy Pods Resources";
			outputPaths = (
			);
			runOnlyForDeploymentPostprocessing = 0;
			shellPath = /bin/sh;
			shellScript = "\"${SRCROOT}/Pods/Target Support Files/Pods/Pods-resources.sh\"\n";
			showEnvVarsInLog = 0;
		};
		E94088EA5D8C506FC8D08541 /* Check Pods Manifest.lock */ = {
			isa = PBXShellScriptBuildPhase;
			buildActionMask = 2147483647;
			files = (
			);
			inputPaths = (
			);
			name = "Check Pods Manifest.lock";
			outputPaths = (
			);
			runOnlyForDeploymentPostprocessing = 0;
			shellPath = /bin/sh;
			shellScript = "diff \"${PODS_ROOT}/../Podfile.lock\" \"${PODS_ROOT}/Manifest.lock\" > /dev/null\nif [[ $? != 0 ]] ; then\n    cat << EOM\nerror: The sandbox is not in sync with the Podfile.lock. Run 'pod install' or update your CocoaPods installation.\nEOM\n    exit 1\nfi\n";
			showEnvVarsInLog = 0;
		};
/* End PBXShellScriptBuildPhase section */

/* Begin PBXSourcesBuildPhase section */
		6A769E521CACF82100674949 /* Sources */ = {
			isa = PBXSourcesBuildPhase;
			buildActionMask = 2147483647;
			files = (
				6A769E761CAD349E00674949 /* ViewController1.m in Sources */,
				6A769E611CACF82200674949 /* ViewController.m in Sources */,
				6A769E5E1CACF82200674949 /* AppDelegate.m in Sources */,
				6A769E5B1CACF82100674949 /* main.m in Sources */,
				6A769E721CAD137C00674949 /* iOSCounterViewController.m in Sources */,
				6A769E7A1CAE12B900674949 /* PlantBiography.m in Sources */,
			);
			runOnlyForDeploymentPostprocessing = 0;
		};
/* End PBXSourcesBuildPhase section */

/* Begin PBXVariantGroup section */
		6A769E621CACF82200674949 /* Main.storyboard */ = {
			isa = PBXVariantGroup;
			children = (
				6A769E631CACF82200674949 /* Base */,
			);
			name = Main.storyboard;
			sourceTree = "<group>";
		};
		6A769E671CACF82200674949 /* LaunchScreen.storyboard */ = {
			isa = PBXVariantGroup;
			children = (
				6A769E681CACF82200674949 /* Base */,
			);
			name = LaunchScreen.storyboard;
			sourceTree = "<group>";
		};
/* End PBXVariantGroup section */

/* Begin XCBuildConfiguration section */
		6A769E6B1CACF82200674949 /* Debug */ = {
			isa = XCBuildConfiguration;
			buildSettings = {
				ALWAYS_SEARCH_USER_PATHS = NO;
				CLANG_ANALYZER_NONNULL = YES;
				CLANG_CXX_LANGUAGE_STANDARD = "gnu++0x";
				CLANG_CXX_LIBRARY = "libc++";
				CLANG_ENABLE_MODULES = YES;
				CLANG_ENABLE_OBJC_ARC = YES;
				CLANG_WARN_BOOL_CONVERSION = YES;
				CLANG_WARN_CONSTANT_CONVERSION = YES;
				CLANG_WARN_DIRECT_OBJC_ISA_USAGE = YES_ERROR;
				CLANG_WARN_EMPTY_BODY = YES;
				CLANG_WARN_ENUM_CONVERSION = YES;
				CLANG_WARN_INT_CONVERSION = YES;
				CLANG_WARN_OBJC_ROOT_CLASS = YES_ERROR;
				CLANG_WARN_UNREACHABLE_CODE = YES;
				CLANG_WARN__DUPLICATE_METHOD_MATCH = YES;
				"CODE_SIGN_IDENTITY[sdk=iphoneos*]" = "iPhone Developer";
				COPY_PHASE_STRIP = NO;
				DEBUG_INFORMATION_FORMAT = dwarf;
				ENABLE_STRICT_OBJC_MSGSEND = YES;
				ENABLE_TESTABILITY = YES;
				GCC_C_LANGUAGE_STANDARD = gnu99;
				GCC_DYNAMIC_NO_PIC = NO;
				GCC_NO_COMMON_BLOCKS = YES;
				GCC_OPTIMIZATION_LEVEL = 0;
				GCC_PREPROCESSOR_DEFINITIONS = (
					"DEBUG=1",
					"$(inherited)",
				);
				GCC_WARN_64_TO_32_BIT_CONVERSION = YES;
				GCC_WARN_ABOUT_RETURN_TYPE = YES_ERROR;
				GCC_WARN_UNDECLARED_SELECTOR = YES;
				GCC_WARN_UNINITIALIZED_AUTOS = YES_AGGRESSIVE;
				GCC_WARN_UNUSED_FUNCTION = YES;
				GCC_WARN_UNUSED_VARIABLE = YES;
				IPHONEOS_DEPLOYMENT_TARGET = 9.3;
				MTL_ENABLE_DEBUG_INFO = YES;
				ONLY_ACTIVE_ARCH = YES;
				SDKROOT = iphoneos;
			};
			name = Debug;
		};
		6A769E6C1CACF82200674949 /* Release */ = {
			isa = XCBuildConfiguration;
			buildSettings = {
				ALWAYS_SEARCH_USER_PATHS = NO;
				CLANG_ANALYZER_NONNULL = YES;
				CLANG_CXX_LANGUAGE_STANDARD = "gnu++0x";
				CLANG_CXX_LIBRARY = "libc++";
				CLANG_ENABLE_MODULES = YES;
				CLANG_ENABLE_OBJC_ARC = YES;
				CLANG_WARN_BOOL_CONVERSION = YES;
				CLANG_WARN_CONSTANT_CONVERSION = YES;
				CLANG_WARN_DIRECT_OBJC_ISA_USAGE = YES_ERROR;
				CLANG_WARN_EMPTY_BODY = YES;
				CLANG_WARN_ENUM_CONVERSION = YES;
				CLANG_WARN_INT_CONVERSION = YES;
				CLANG_WARN_OBJC_ROOT_CLASS = YES_ERROR;
				CLANG_WARN_UNREACHABLE_CODE = YES;
				CLANG_WARN__DUPLICATE_METHOD_MATCH = YES;
				"CODE_SIGN_IDENTITY[sdk=iphoneos*]" = "iPhone Developer";
				COPY_PHASE_STRIP = NO;
				DEBUG_INFORMATION_FORMAT = "dwarf-with-dsym";
				ENABLE_NS_ASSERTIONS = NO;
				ENABLE_STRICT_OBJC_MSGSEND = YES;
				GCC_C_LANGUAGE_STANDARD = gnu99;
				GCC_NO_COMMON_BLOCKS = YES;
				GCC_WARN_64_TO_32_BIT_CONVERSION = YES;
				GCC_WARN_ABOUT_RETURN_TYPE = YES_ERROR;
				GCC_WARN_UNDECLARED_SELECTOR = YES;
				GCC_WARN_UNINITIALIZED_AUTOS = YES_AGGRESSIVE;
				GCC_WARN_UNUSED_FUNCTION = YES;
				GCC_WARN_UNUSED_VARIABLE = YES;
				IPHONEOS_DEPLOYMENT_TARGET = 9.3;
				MTL_ENABLE_DEBUG_INFO = NO;
				SDKROOT = iphoneos;
				VALIDATE_PRODUCT = YES;
			};
			name = Release;
		};
		6A769E6E1CACF82200674949 /* Debug */ = {
			isa = XCBuildConfiguration;
			baseConfigurationReference = 47123AB3980619252A1EF9D8 /* Pods.debug.xcconfig */;
			buildSettings = {
				ASSETCATALOG_COMPILER_APPICON_NAME = AppIcon;
				INFOPLIST_FILE = MasonryDemo/Info.plist;
				LD_RUNPATH_SEARCH_PATHS = "$(inherited) @executable_path/Frameworks";
				PRODUCT_BUNDLE_IDENTIFIER = com.lnzsbks.MasonryDemo;
				PRODUCT_NAME = "$(TARGET_NAME)";
			};
			name = Debug;
		};
		6A769E6F1CACF82200674949 /* Release */ = {
			isa = XCBuildConfiguration;
			baseConfigurationReference = DE9F843AD13C14D42CF2E7B4 /* Pods.release.xcconfig */;
			buildSettings = {
				ASSETCATALOG_COMPILER_APPICON_NAME = AppIcon;
				INFOPLIST_FILE = MasonryDemo/Info.plist;
				LD_RUNPATH_SEARCH_PATHS = "$(inherited) @executable_path/Frameworks";
				PRODUCT_BUNDLE_IDENTIFIER = com.lnzsbks.MasonryDemo;
				PRODUCT_NAME = "$(TARGET_NAME)";
			};
			name = Release;
		};
/* End XCBuildConfiguration section */

/* Begin XCConfigurationList section */
		6A769E511CACF82100674949 /* Build configuration list for PBXProject "MasonryDemo" */ = {
			isa = XCConfigurationList;
			buildConfigurations = (
				6A769E6B1CACF82200674949 /* Debug */,
				6A769E6C1CACF82200674949 /* Release */,
			);
			defaultConfigurationIsVisible = 0;
			defaultConfigurationName = Release;
		};
		6A769E6D1CACF82200674949 /* Build configuration list for PBXNativeTarget "MasonryDemo" */ = {
			isa = XCConfigurationList;
			buildConfigurations = (
				6A769E6E1CACF82200674949 /* Debug */,
				6A769E6F1CACF82200674949 /* Release */,
			);
			defaultConfigurationIsVisible = 0;
			defaultConfigurationName = Release;
		};
/* End XCConfigurationList section */
	};
	rootObject = 6A769E4E1CACF82100674949 /* Project object */;
}
